
Microsoft Visual Studio Solution File, Format Version 12.00
# Visual Studio 15
VisualStudioVersion = 15.0.27130.2010
MinimumVisualStudioVersion = 10.0.40219.1
Project("{FAE04EC0-301F-11D3-BF4B-00C04F79EFBC}") = "YoutubeClone", "YoutubeClone\YoutubeClone.csproj", "{E1F095FB-F048-4C21-A11E-40F1C8F33C58}"
EndProject
Global
	GlobalSection(SolutionConfigurationPlatforms) = preSolution
		Debug|Any CPU = Debug|Any CPU
		Release|Any CPU = Release|Any CPU
	EndGlobalSection
	GlobalSection(ProjectConfigurationPlatforms) = postSolution
		{E1F095FB-F048-4C21-A11E-40F1C8F33C58}.Debug|Any CPU.ActiveCfg = Debug|Any CPU
		{E1F095FB-F048-4C21-A11E-40F1C8F33C58}.Debug|Any CPU.Build.0 = Debug|Any CPU
		{E1F095FB-F048-4C21-A11E-40F1C8F33C58}.Release|Any CPU.ActiveCfg = Release|Any CPU
		{E1F095FB-F048-4C21-A11E-40F1C8F33C58}.Release|Any CPU.Build.0 = Release|Any CPU
	EndGlobalSection
	GlobalSection(SolutionProperties) = preSolution
		HideSolutionNode = FALSE
	EndGlobalSection
	GlobalSection(ExtensibilityGlobals) = postSolution
		SolutionGuid = {1828FFCA-6F23-4F56-B249-06230FCA6628}
	EndGlobalSection
EndGlobal
